{
  "nodes": {
    "bb-bin": {
      "flake": false,
      "locked": {
        "lastModified": 1764156800,
        "narHash": "sha256-agqc8aTeldG83bDs0MQy0C0UzRP0MthABsg6ey9SJIk=",
        "type": "tarball",
        "url": "https://github.com/AztecProtocol/aztec-packages/releases/download/v2.1.8/barretenberg-amd64-linux.tar.gz"
      },
      "original": {
        "type": "tarball",
        "url": "https://github.com/AztecProtocol/aztec-packages/releases/download/v2.1.8/barretenberg-amd64-linux.tar.gz"
      }
    },
    "co-snarks-src": {
      "flake": false,
      "locked": {
        "lastModified": 1762428139,
        "narHash": "sha256-WosnzXpip9Wig0OIseIW21GIp3jj2Qhe+oRFwLGUBdY=",
        "owner": "TaceoLabs",
        "repo": "co-snarks",
        "rev": "97adcc06afc0d506c2d6aa9f81b2e342fd8108c0",
        "type": "github"
      },
      "original": {
        "owner": "TaceoLabs",
        "ref": "co-noir-v0.7.0",
        "repo": "co-snarks",
        "type": "github"
      }
    },
    "nixpkgs": {
      "locked": {
        "lastModified": 1764242076,
        "narHash": "sha256-sKoIWfnijJ0+9e4wRvIgm/HgE27bzwQxcEmo2J/gNpI=",
        "owner": "NixOS",
        "repo": "nixpkgs",
        "rev": "2fad6eac6077f03fe109c4d4eb171cf96791faa4",
        "type": "github"
      },
      "original": {
        "owner": "NixOS",
        "ref": "nixos-unstable",
        "repo": "nixpkgs",
        "type": "github"
      }
    },
    "noir-src": {
      "flake": false,
      "locked": {
        "lastModified": 1759827905,
        "narHash": "sha256-Wi3C5G45gTfYLdMuQVLPf42RL2z+kKCrJyPtSuaL5Ss=",
        "owner": "noir-lang",
        "repo": "noir",
        "rev": "60ccd48e18ad8ce50d5ecda9baf813b712145051",
        "type": "github"
      },
      "original": {
        "owner": "noir-lang",
        "ref": "v1.0.0-beta.14",
        "repo": "noir",
        "type": "github"
      }
    },
    "root": {
      "inputs": {
        "bb-bin": "bb-bin",
        "co-snarks-src": "co-snarks-src",
        "nixpkgs": "nixpkgs",
        "noir-src": "noir-src"
      }
    }
  },
  "root": "root",
  "version": 7
}
